
Microsoft Visual Studio Solution File, Format Version 12.00
# Visual Studio Version 17
VisualStudioVersion = 17.2.32602.215
MinimumVisualStudioVersion = 10.0.40219.1
Project("{9A19103F-16F7-4668-BE54-9A1E7A4F7556}") = "NTEcommerce.WebAPI", "NTEcommerce.WebAPI\NTEcommerce.WebAPI.csproj", "{6E7C4F0E-4528-480F-B6AE-FAEB9F2A29A6}"
EndProject
Project("{9A19103F-16F7-4668-BE54-9A1E7A4F7556}") = "NTEcommerce.CustomerSite", "NTEcommerce.CustomerSite\NTEcommerce.CustomerSite.csproj", "{E2F1B23A-D0EE-411F-80DD-ECC90D9846EB}"
EndProject
Project("{9A19103F-16F7-4668-BE54-9A1E7A4F7556}") = "NTEcommerce.SharedDataModel", "NTEcommerce.SharedDataModel\NTEcommerce.SharedDataModel.csproj", "{DEEB2A60-B44A-4489-9542-ED686772F598}"
EndProject
Global
	GlobalSection(SolutionConfigurationPlatforms) = preSolution
		Debug|Any CPU = Debug|Any CPU
		Release|Any CPU = Release|Any CPU
	EndGlobalSection
	GlobalSection(ProjectConfigurationPlatforms) = postSolution
		{6E7C4F0E-4528-480F-B6AE-FAEB9F2A29A6}.Debug|Any CPU.ActiveCfg = Debug|Any CPU
		{6E7C4F0E-4528-480F-B6AE-FAEB9F2A29A6}.Debug|Any CPU.Build.0 = Debug|Any CPU
		{6E7C4F0E-4528-480F-B6AE-FAEB9F2A29A6}.Release|Any CPU.ActiveCfg = Release|Any CPU
		{6E7C4F0E-4528-480F-B6AE-FAEB9F2A29A6}.Release|Any CPU.Build.0 = Release|Any CPU
		{E2F1B23A-D0EE-411F-80DD-ECC90D9846EB}.Debug|Any CPU.ActiveCfg = Debug|Any CPU
		{E2F1B23A-D0EE-411F-80DD-ECC90D9846EB}.Debug|Any CPU.Build.0 = Debug|Any CPU
		{E2F1B23A-D0EE-411F-80DD-ECC90D9846EB}.Release|Any CPU.ActiveCfg = Release|Any CPU
		{E2F1B23A-D0EE-411F-80DD-ECC90D9846EB}.Release|Any CPU.Build.0 = Release|Any CPU
		{DEEB2A60-B44A-4489-9542-ED686772F598}.Debug|Any CPU.ActiveCfg = Debug|Any CPU
		{DEEB2A60-B44A-4489-9542-ED686772F598}.Debug|Any CPU.Build.0 = Debug|Any CPU
		{DEEB2A60-B44A-4489-9542-ED686772F598}.Release|Any CPU.ActiveCfg = Release|Any CPU
		{DEEB2A60-B44A-4489-9542-ED686772F598}.Release|Any CPU.Build.0 = Release|Any CPU
	EndGlobalSection
	GlobalSection(SolutionProperties) = preSolution
		HideSolutionNode = FALSE
	EndGlobalSection
	GlobalSection(ExtensibilityGlobals) = postSolution
		SolutionGuid = {B4D00546-AB80-450A-9E4F-EFA686AC9AFA}
	EndGlobalSection
EndGlobal
